
Microsoft Visual Studio Solution File, Format Version 12.00
# Visual Studio Version 16
VisualStudioVersion = 16.0.32106.194
MinimumVisualStudioVersion = 10.0.40219.1
Project("{FAE04EC0-301F-11D3-BF4B-00C04F79EFBC}") = "Entidades", "Entidades\Entidades.csproj", "{4DC964F1-FC8E-456F-B638-97DE81FDD337}"
EndProject
Project("{FAE04EC0-301F-11D3-BF4B-00C04F79EFBC}") = "Datos", "..\Datos\Datos.csproj", "{9E287B4C-B13F-41EE-9BEF-E4C99F8E0249}"
EndProject
Project("{FAE04EC0-301F-11D3-BF4B-00C04F79EFBC}") = "Negocio", "..\Negocio\Negocio\Negocio.csproj", "{9D9CBC2A-7881-4D3A-82E0-67157A884FD3}"
EndProject
Project("{FAE04EC0-301F-11D3-BF4B-00C04F79EFBC}") = "UI.Escritorio", "..\UI.Escritorio\UI.Escritorio\UI.Escritorio.csproj", "{7976FC5C-F05E-413D-A21F-C66C9AA5CBEA}"
EndProject
Project("{FAE04EC0-301F-11D3-BF4B-00C04F79EFBC}") = "UI.Web", "..\UI.Web\UI.Web\UI.Web.csproj", "{622C93F0-E629-46BE-8C09-452CC64CBB7D}"
EndProject
Global
	GlobalSection(SolutionConfigurationPlatforms) = preSolution
		Debug|Any CPU = Debug|Any CPU
		Release|Any CPU = Release|Any CPU
	EndGlobalSection
	GlobalSection(ProjectConfigurationPlatforms) = postSolution
		{4DC964F1-FC8E-456F-B638-97DE81FDD337}.Debug|Any CPU.ActiveCfg = Debug|Any CPU
		{4DC964F1-FC8E-456F-B638-97DE81FDD337}.Debug|Any CPU.Build.0 = Debug|Any CPU
		{4DC964F1-FC8E-456F-B638-97DE81FDD337}.Release|Any CPU.ActiveCfg = Release|Any CPU
		{4DC964F1-FC8E-456F-B638-97DE81FDD337}.Release|Any CPU.Build.0 = Release|Any CPU
		{9E287B4C-B13F-41EE-9BEF-E4C99F8E0249}.Debug|Any CPU.ActiveCfg = Debug|Any CPU
		{9E287B4C-B13F-41EE-9BEF-E4C99F8E0249}.Debug|Any CPU.Build.0 = Debug|Any CPU
		{9E287B4C-B13F-41EE-9BEF-E4C99F8E0249}.Release|Any CPU.ActiveCfg = Release|Any CPU
		{9E287B4C-B13F-41EE-9BEF-E4C99F8E0249}.Release|Any CPU.Build.0 = Release|Any CPU
		{9D9CBC2A-7881-4D3A-82E0-67157A884FD3}.Debug|Any CPU.ActiveCfg = Debug|Any CPU
		{9D9CBC2A-7881-4D3A-82E0-67157A884FD3}.Debug|Any CPU.Build.0 = Debug|Any CPU
		{9D9CBC2A-7881-4D3A-82E0-67157A884FD3}.Release|Any CPU.ActiveCfg = Release|Any CPU
		{9D9CBC2A-7881-4D3A-82E0-67157A884FD3}.Release|Any CPU.Build.0 = Release|Any CPU
		{7976FC5C-F05E-413D-A21F-C66C9AA5CBEA}.Debug|Any CPU.ActiveCfg = Debug|Any CPU
		{7976FC5C-F05E-413D-A21F-C66C9AA5CBEA}.Debug|Any CPU.Build.0 = Debug|Any CPU
		{7976FC5C-F05E-413D-A21F-C66C9AA5CBEA}.Release|Any CPU.ActiveCfg = Release|Any CPU
		{7976FC5C-F05E-413D-A21F-C66C9AA5CBEA}.Release|Any CPU.Build.0 = Release|Any CPU
		{622C93F0-E629-46BE-8C09-452CC64CBB7D}.Debug|Any CPU.ActiveCfg = Debug|Any CPU
		{622C93F0-E629-46BE-8C09-452CC64CBB7D}.Debug|Any CPU.Build.0 = Debug|Any CPU
		{622C93F0-E629-46BE-8C09-452CC64CBB7D}.Release|Any CPU.ActiveCfg = Release|Any CPU
		{622C93F0-E629-46BE-8C09-452CC64CBB7D}.Release|Any CPU.Build.0 = Release|Any CPU
	EndGlobalSection
	GlobalSection(SolutionProperties) = preSolution
		HideSolutionNode = FALSE
	EndGlobalSection
	GlobalSection(ExtensibilityGlobals) = postSolution
		SolutionGuid = {1FA691A6-C365-49F4-967D-5A895FD35BDA}
	EndGlobalSection
EndGlobal
